
Microsoft Visual Studio Solution File, Format Version 12.00
# Visual Studio Version 16
VisualStudioVersion = 16.0.31702.278
MinimumVisualStudioVersion = 10.0.40219.1
Project("{9A19103F-16F7-4668-BE54-9A1E7A4F7556}") = "PruebaTecnica.Web", "PruebaTecnica.Web\PruebaTecnica.Web.csproj", "{DCA31B25-A60C-4A64-8A30-DB48B3DEA9FF}"
EndProject
Project("{9A19103F-16F7-4668-BE54-9A1E7A4F7556}") = "PruebaTecnica.Core", "PruebaTecnica.Core\PruebaTecnica.Core.csproj", "{CF0A4DBD-61D0-4B32-99C7-4B01CA0E3C61}"
EndProject
Global
	GlobalSection(SolutionConfigurationPlatforms) = preSolution
		Debug|Any CPU = Debug|Any CPU
		Release|Any CPU = Release|Any CPU
	EndGlobalSection
	GlobalSection(ProjectConfigurationPlatforms) = postSolution
		{DCA31B25-A60C-4A64-8A30-DB48B3DEA9FF}.Debug|Any CPU.ActiveCfg = Debug|Any CPU
		{DCA31B25-A60C-4A64-8A30-DB48B3DEA9FF}.Debug|Any CPU.Build.0 = Debug|Any CPU
		{DCA31B25-A60C-4A64-8A30-DB48B3DEA9FF}.Release|Any CPU.ActiveCfg = Release|Any CPU
		{DCA31B25-A60C-4A64-8A30-DB48B3DEA9FF}.Release|Any CPU.Build.0 = Release|Any CPU
		{CF0A4DBD-61D0-4B32-99C7-4B01CA0E3C61}.Debug|Any CPU.ActiveCfg = Debug|Any CPU
		{CF0A4DBD-61D0-4B32-99C7-4B01CA0E3C61}.Debug|Any CPU.Build.0 = Debug|Any CPU
		{CF0A4DBD-61D0-4B32-99C7-4B01CA0E3C61}.Release|Any CPU.ActiveCfg = Release|Any CPU
		{CF0A4DBD-61D0-4B32-99C7-4B01CA0E3C61}.Release|Any CPU.Build.0 = Release|Any CPU
	EndGlobalSection
	GlobalSection(SolutionProperties) = preSolution
		HideSolutionNode = FALSE
	EndGlobalSection
	GlobalSection(ExtensibilityGlobals) = postSolution
		SolutionGuid = {0E877DF9-5ED2-43B7-8FA4-BDF79384642B}
	EndGlobalSection
EndGlobal
